// !$*UTF8*$!
{
	archiveVersion = 1;
	classes = {
	};
	objectVersion = 46;
	objects = {

/* Begin PBXBuildFile section */
		8118388B1C8F359A00460288 /* AppDelegate.swift in Sources */ = {isa = PBXBuildFile; fileRef = 8118388A1C8F359A00460288 /* AppDelegate.swift */; };
		811838901C8F359A00460288 /* Main.storyboard in Resources */ = {isa = PBXBuildFile; fileRef = 8118388E1C8F359A00460288 /* Main.storyboard */; };
		811838931C8F359A00460288 /* GDI_session2.xcdatamodeld in Sources */ = {isa = PBXBuildFile; fileRef = 811838911C8F359A00460288 /* GDI_session2.xcdatamodeld */; };
		811838951C8F359A00460288 /* Assets.xcassets in Resources */ = {isa = PBXBuildFile; fileRef = 811838941C8F359A00460288 /* Assets.xcassets */; };
		811838981C8F359A00460288 /* LaunchScreen.storyboard in Resources */ = {isa = PBXBuildFile; fileRef = 811838961C8F359A00460288 /* LaunchScreen.storyboard */; };
		811838A01C8F3D9300460288 /* CreateBudgetViewController.swift in Sources */ = {isa = PBXBuildFile; fileRef = 8118389F1C8F3D9300460288 /* CreateBudgetViewController.swift */; };
/* End PBXBuildFile section */

/* Begin PBXFileReference section */
		811838871C8F359A00460288 /* GDI-session2.app */ = {isa = PBXFileReference; explicitFileType = wrapper.application; includeInIndex = 0; path = "GDI-session2.app"; sourceTree = BUILT_PRODUCTS_DIR; };
		8118388A1C8F359A00460288 /* AppDelegate.swift */ = {isa = PBXFileReference; lastKnownFileType = sourcecode.swift; path = AppDelegate.swift; sourceTree = "<group>"; };
		8118388F1C8F359A00460288 /* Base */ = {isa = PBXFileReference; lastKnownFileType = file.storyboard; name = Base; path = Base.lproj/Main.storyboard; sourceTree = "<group>"; };
		811838921C8F359A00460288 /* GDI_session2.xcdatamodel */ = {isa = PBXFileReference; lastKnownFileType = wrapper.xcdatamodel; path = GDI_session2.xcdatamodel; sourceTree = "<group>"; };
		811838941C8F359A00460288 /* Assets.xcassets */ = {isa = PBXFileReference; lastKnownFileType = folder.assetcatalog; path = Assets.xcassets; sourceTree = "<group>"; };
		811838971C8F359A00460288 /* Base */ = {isa = PBXFileReference; lastKnownFileType = file.storyboard; name = Base; path = Base.lproj/LaunchScreen.storyboard; sourceTree = "<group>"; };
		811838991C8F359A00460288 /* Info.plist */ = {isa = PBXFileReference; lastKnownFileType = text.plist.xml; path = Info.plist; sourceTree = "<group>"; };
		8118389F1C8F3D9300460288 /* CreateBudgetViewController.swift */ = {isa = PBXFileReference; fileEncoding = 4; lastKnownFileType = sourcecode.swift; path = CreateBudgetViewController.swift; sourceTree = "<group>"; };
/* End PBXFileReference section */

/* Begin PBXFrameworksBuildPhase section */
		811838841C8F359A00460288 /* Frameworks */ = {
			isa = PBXFrameworksBuildPhase;
			buildActionMask = 2147483647;
			files = (
			);
			runOnlyForDeploymentPostprocessing = 0;
		};
/* End PBXFrameworksBuildPhase section */

/* Begin PBXGroup section */
		8118387E1C8F359A00460288 = {
			isa = PBXGroup;
			children = (
				811838891C8F359A00460288 /* GDI-session2 */,
				811838881C8F359A00460288 /* Products */,
			);
			sourceTree = "<group>";
		};
		811838881C8F359A00460288 /* Products */ = {
			isa = PBXGroup;
			children = (
				811838871C8F359A00460288 /* GDI-session2.app */,
			);
			name = Products;
			sourceTree = "<group>";
		};
		811838891C8F359A00460288 /* GDI-session2 */ = {
			isa = PBXGroup;
			children = (
				8118389F1C8F3D9300460288 /* CreateBudgetViewController.swift */,
				8118388A1C8F359A00460288 /* AppDelegate.swift */,
				8118388E1C8F359A00460288 /* Main.storyboard */,
				811838941C8F359A00460288 /* Assets.xcassets */,
				811838961C8F359A00460288 /* LaunchScreen.storyboard */,
				811838991C8F359A00460288 /* Info.plist */,
				811838911C8F359A00460288 /* GDI_session2.xcdatamodeld */,
			);
			path = "GDI-session2";
			sourceTree = "<group>";
		};
/* End PBXGroup section */

/* Begin PBXNativeTarget section */
		811838861C8F359A00460288 /* GDI-session2 */ = {
			isa = PBXNativeTarget;
			buildConfigurationList = 8118389C1C8F359A00460288 /* Build configuration list for PBXNativeTarget "GDI-session2" */;
			buildPhases = (
				811838831C8F359A00460288 /* Sources */,
				811838841C8F359A00460288 /* Frameworks */,
				811838851C8F359A00460288 /* Resources */,
			);
			buildRules = (
			);
			dependencies = (
			);
			name = "GDI-session2";
			productName = "GDI-session2";
			productReference = 811838871C8F359A00460288 /* GDI-session2.app */;
			productType = "com.apple.product-type.application";
		};
/* End PBXNativeTarget section */

/* Begin PBXProject section */
		8118387F1C8F359A00460288 /* Project object */ = {
			isa = PBXProject;
			attributes = {
				LastSwiftUpdateCheck = 0720;
				LastUpgradeCheck = 0720;
				ORGANIZATIONNAME = julie.yaunches;
				TargetAttributes = {
					811838861C8F359A00460288 = {
						CreatedOnToolsVersion = 7.2;
					};
				};
			};
			buildConfigurationList = 811838821C8F359A00460288 /* Build configuration list for PBXProject "GDI-session2" */;
			compatibilityVersion = "Xcode 3.2";
			developmentRegion = English;
			hasScannedForEncodings = 0;
			knownRegions = (
				en,
				Base,
			);
			mainGroup = 8118387E1C8F359A00460288;
			productRefGroup = 811838881C8F359A00460288 /* Products */;
			projectDirPath = "";
			projectRoot = "";
			targets = (
				811838861C8F359A00460288 /* GDI-session2 */,
			);
		};
/* End PBXProject section */

/* Begin PBXResourcesBuildPhase section */
		811838851C8F359A00460288 /* Resources */ = {
			isa = PBXResourcesBuildPhase;
			buildActionMask = 2147483647;
			files = (
				811838981C8F359A00460288 /* LaunchScreen.storyboard in Resources */,
				811838951C8F359A00460288 /* Assets.xcassets in Resources */,
				811838901C8F359A00460288 /* Main.storyboard in Resources */,
			);
			runOnlyForDeploymentPostprocessing = 0;
		};
/* End PBXResourcesBuildPhase section */

/* Begin PBXSourcesBuildPhase section */
		811838831C8F359A00460288 /* Sources */ = {
			isa = PBXSourcesBuildPhase;
			buildActionMask = 2147483647;
			files = (
				8118388B1C8F359A00460288 /* AppDelegate.swift in Sources */,
				811838A01C8F3D9300460288 /* CreateBudgetViewController.swift in Sources */,
				811838931C8F359A00460288 /* GDI_session2.xcdatamodeld in Sources */,
			);
			runOnlyForDeploymentPostprocessing = 0;
		};
/* End PBXSourcesBuildPhase section */

/* Begin PBXVariantGroup section */
		8118388E1C8F359A00460288 /* Main.storyboard */ = {
			isa = PBXVariantGroup;
			children = (
				8118388F1C8F359A00460288 /* Base */,
			);
			name = Main.storyboard;
			sourceTree = "<group>";
		};
		811838961C8F359A00460288 /* LaunchScreen.storyboard */ = {
			isa = PBXVariantGroup;
			children = (
				811838971C8F359A00460288 /* Base */,
			);
			name = LaunchScreen.storyboard;
			sourceTree = "<group>";
		};
/* End PBXVariantGroup section */

/* Begin XCBuildConfiguration section */
		8118389A1C8F359A00460288 /* Debug */ = {
			isa = XCBuildConfiguration;
			buildSettings = {
				ALWAYS_SEARCH_USER_PATHS = NO;
				CLANG_CXX_LANGUAGE_STANDARD = "gnu++0x";
				CLANG_CXX_LIBRARY = "libc++";
				CLANG_ENABLE_MODULES = YES;
				CLANG_ENABLE_OBJC_ARC = YES;
				CLANG_WARN_BOOL_CONVERSION = YES;
				CLANG_WARN_CONSTANT_CONVERSION = YES;
				CLANG_WARN_DIRECT_OBJC_ISA_USAGE = YES_ERROR;
				CLANG_WARN_EMPTY_BODY = YES;
				CLANG_WARN_ENUM_CONVERSION = YES;
				CLANG_WARN_INT_CONVERSION = YES;
				CLANG_WARN_OBJC_ROOT_CLASS = YES_ERROR;
				CLANG_WARN_UNREACHABLE_CODE = YES;
				CLANG_WARN__DUPLICATE_METHOD_MATCH = YES;
				"CODE_SIGN_IDENTITY[sdk=iphoneos*]" = "iPhone Developer";
				COPY_PHASE_STRIP = NO;
				DEBUG_INFORMATION_FORMAT = dwarf;
				ENABLE_STRICT_OBJC_MSGSEND = YES;
				ENABLE_TESTABILITY = YES;
				GCC_C_LANGUAGE_STANDARD = gnu99;
				GCC_DYNAMIC_NO_PIC = NO;
				GCC_NO_COMMON_BLOCKS = YES;
				GCC_OPTIMIZATION_LEVEL = 0;
				GCC_PREPROCESSOR_DEFINITIONS = (
					"DEBUG=1",
					"$(inherited)",
				);
				GCC_WARN_64_TO_32_BIT_CONVERSION = YES;
				GCC_WARN_ABOUT_RETURN_TYPE = YES_ERROR;
				GCC_WARN_UNDECLARED_SELECTOR = YES;
				GCC_WARN_UNINITIALIZED_AUTOS = YES_AGGRESSIVE;
				GCC_WARN_UNUSED_FUNCTION = YES;
				GCC_WARN_UNUSED_VARIABLE = YES;
				IPHONEOS_DEPLOYMENT_TARGET = 9.2;
				MTL_ENABLE_DEBUG_INFO = YES;
				ONLY_ACTIVE_ARCH = YES;
				SDKROOT = iphoneos;
				SWIFT_OPTIMIZATION_LEVEL = "-Onone";
				TARGETED_DEVICE_FAMILY = "1,2";
			};
			name = Debug;
		};
		8118389B1C8F359A00460288 /* Release */ = {
			isa = XCBuildConfiguration;
			buildSettings = {
				ALWAYS_SEARCH_USER_PATHS = NO;
				CLANG_CXX_LANGUAGE_STANDARD = "gnu++0x";
				CLANG_CXX_LIBRARY = "libc++";
				CLANG_ENABLE_MODULES = YES;
				CLANG_ENABLE_OBJC_ARC = YES;
				CLANG_WARN_BOOL_CONVERSION = YES;
				CLANG_WARN_CONSTANT_CONVERSION = YES;
				CLANG_WARN_DIRECT_OBJC_ISA_USAGE = YES_ERROR;
				CLANG_WARN_EMPTY_BODY = YES;
				CLANG_WARN_ENUM_CONVERSION = YES;
				CLANG_WARN_INT_CONVERSION = YES;
				CLANG_WARN_OBJC_ROOT_CLASS = YES_ERROR;
				CLANG_WARN_UNREACHABLE_CODE = YES;
				CLANG_WARN__DUPLICATE_METHOD_MATCH = YES;
				"CODE_SIGN_IDENTITY[sdk=iphoneos*]" = "iPhone Developer";
				COPY_PHASE_STRIP = NO;
				DEBUG_INFORMATION_FORMAT = "dwarf-with-dsym";
				ENABLE_NS_ASSERTIONS = NO;
				ENABLE_STRICT_OBJC_MSGSEND = YES;
				GCC_C_LANGUAGE_STANDARD = gnu99;
				GCC_NO_COMMON_BLOCKS = YES;
				GCC_WARN_64_TO_32_BIT_CONVERSION = YES;
				GCC_WARN_ABOUT_RETURN_TYPE = YES_ERROR;
				GCC_WARN_UNDECLARED_SELECTOR = YES;
				GCC_WARN_UNINITIALIZED_AUTOS = YES_AGGRESSIVE;
				GCC_WARN_UNUSED_FUNCTION = YES;
				GCC_WARN_UNUSED_VARIABLE = YES;
				IPHONEOS_DEPLOYMENT_TARGET = 9.2;
				MTL_ENABLE_DEBUG_INFO = NO;
				SDKROOT = iphoneos;
				TARGETED_DEVICE_FAMILY = "1,2";
				VALIDATE_PRODUCT = YES;
			};
			name = Release;
		};
		8118389D1C8F359A00460288 /* Debug */ = {
			isa = XCBuildConfiguration;
			buildSettings = {
				ASSETCATALOG_COMPILER_APPICON_NAME = AppIcon;
				INFOPLIST_FILE = "GDI-session2/Info.plist";
				LD_RUNPATH_SEARCH_PATHS = "$(inherited) @executable_path/Frameworks";
				PRODUCT_BUNDLE_IDENTIFIER = "jyaunches.GDI-session2";
				PRODUCT_NAME = "$(TARGET_NAME)";
			};
			name = Debug;
		};
		8118389E1C8F359A00460288 /* Release */ = {
			isa = XCBuildConfiguration;
			buildSettings = {
				ASSETCATALOG_COMPILER_APPICON_NAME = AppIcon;
				INFOPLIST_FILE = "GDI-session2/Info.plist";
				LD_RUNPATH_SEARCH_PATHS = "$(inherited) @executable_path/Frameworks";
				PRODUCT_BUNDLE_IDENTIFIER = "jyaunches.GDI-session2";
				PRODUCT_NAME = "$(TARGET_NAME)";
			};
			name = Release;
		};
/* End XCBuildConfiguration section */

/* Begin XCConfigurationList section */
		811838821C8F359A00460288 /* Build configuration list for PBXProject "GDI-session2" */ = {
			isa = XCConfigurationList;
			buildConfigurations = (
				8118389A1C8F359A00460288 /* Debug */,
				8118389B1C8F359A00460288 /* Release */,
			);
			defaultConfigurationIsVisible = 0;
			defaultConfigurationName = Release;
		};
		8118389C1C8F359A00460288 /* Build configuration list for PBXNativeTarget "GDI-session2" */ = {
			isa = XCConfigurationList;
			buildConfigurations = (
				8118389D1C8F359A00460288 /* Debug */,
				8118389E1C8F359A00460288 /* Release */,
			);
			defaultConfigurationIsVisible = 0;
		};
/* End XCConfigurationList section */

/* Begin XCVersionGroup section */
		811838911C8F359A00460288 /* GDI_session2.xcdatamodeld */ = {
			isa = XCVersionGroup;
			children = (
				811838921C8F359A00460288 /* GDI_session2.xcdatamodel */,
			);
			currentVersion = 811838921C8F359A00460288 /* GDI_session2.xcdatamodel */;
			path = GDI_session2.xcdatamodeld;
			sourceTree = "<group>";
			versionGroupType = wrapper.xcdatamodel;
		};
/* End XCVersionGroup section */
	};
	rootObject = 8118387F1C8F359A00460288 /* Project object */;
}
